// !$*UTF8*$!
{
	archiveVersion = 1;
	classes = {
	};
	objectVersion = 51;
	objects = {

/* Begin PBXBuildFile section */
		9F91CC2E3A9E12EE65D0CC8E /* Pods_Countries_Game_Lesson_18.framework in Frameworks */ = {isa = PBXBuildFile; fileRef = E83316D93A2BE87F48E9C04C /* Pods_Countries_Game_Lesson_18.framework */; };
		E90566EA2489599C00FEAEDC /* UIActivityIndicatorViewExtension.swift in Sources */ = {isa = PBXBuildFile; fileRef = E90566E92489599C00FEAEDC /* UIActivityIndicatorViewExtension.swift */; };
		E90566EC2489A53800FEAEDC /* Utils.swift in Sources */ = {isa = PBXBuildFile; fileRef = E90566EB2489A53800FEAEDC /* Utils.swift */; };
		E94F07B1248555CF00F32BCF /* AppDelegate.swift in Sources */ = {isa = PBXBuildFile; fileRef = E94F07B0248555CF00F32BCF /* AppDelegate.swift */; };
		E94F07B3248555CF00F32BCF /* SceneDelegate.swift in Sources */ = {isa = PBXBuildFile; fileRef = E94F07B2248555CF00F32BCF /* SceneDelegate.swift */; };
		E94F07BB248555CF00F32BCF /* Countries_Game_Lesson_18.xcdatamodeld in Sources */ = {isa = PBXBuildFile; fileRef = E94F07B9248555CF00F32BCF /* Countries_Game_Lesson_18.xcdatamodeld */; };
		E94F07BD248555D100F32BCF /* Assets.xcassets in Resources */ = {isa = PBXBuildFile; fileRef = E94F07BC248555D100F32BCF /* Assets.xcassets */; };
		E94F07C0248555D100F32BCF /* LaunchScreen.storyboard in Resources */ = {isa = PBXBuildFile; fileRef = E94F07BE248555D100F32BCF /* LaunchScreen.storyboard */; };
		E94F07E8248559F200F32BCF /* Country.swift in Sources */ = {isa = PBXBuildFile; fileRef = E94F07E7248559F200F32BCF /* Country.swift */; };
		E94F07ED24855A0C00F32BCF /* MainViewController.swift in Sources */ = {isa = PBXBuildFile; fileRef = E94F07EA24855A0C00F32BCF /* MainViewController.swift */; };
		E94F07EE24855A0C00F32BCF /* CapitalCitiesViewController.swift in Sources */ = {isa = PBXBuildFile; fileRef = E94F07EB24855A0C00F32BCF /* CapitalCitiesViewController.swift */; };
		E94F07EF24855A0C00F32BCF /* FlagsViewController.swift in Sources */ = {isa = PBXBuildFile; fileRef = E94F07EC24855A0C00F32BCF /* FlagsViewController.swift */; };
		E94F07F224855A1800F32BCF /* CustomImageView.swift in Sources */ = {isa = PBXBuildFile; fileRef = E94F07F024855A1800F32BCF /* CustomImageView.swift */; };
		E94F07F324855A1800F32BCF /* JsonParser.swift in Sources */ = {isa = PBXBuildFile; fileRef = E94F07F124855A1800F32BCF /* JsonParser.swift */; };
		E94F07F524855A3700F32BCF /* Main.storyboard in Resources */ = {isa = PBXBuildFile; fileRef = E94F07F424855A3700F32BCF /* Main.storyboard */; };
/* End PBXBuildFile section */

/* Begin PBXFileReference section */
		1F0CBAC90B7A8B2C0CD03725 /* Pods-Countries Game Lesson 18.debug.xcconfig */ = {isa = PBXFileReference; includeInIndex = 1; lastKnownFileType = text.xcconfig; name = "Pods-Countries Game Lesson 18.debug.xcconfig"; path = "Target Support Files/Pods-Countries Game Lesson 18/Pods-Countries Game Lesson 18.debug.xcconfig"; sourceTree = "<group>"; };
		967F20ECB1540A0A511637EC /* Pods-Countries Game Lesson 18.release.xcconfig */ = {isa = PBXFileReference; includeInIndex = 1; lastKnownFileType = text.xcconfig; name = "Pods-Countries Game Lesson 18.release.xcconfig"; path = "Target Support Files/Pods-Countries Game Lesson 18/Pods-Countries Game Lesson 18.release.xcconfig"; sourceTree = "<group>"; };
		E83316D93A2BE87F48E9C04C /* Pods_Countries_Game_Lesson_18.framework */ = {isa = PBXFileReference; explicitFileType = wrapper.framework; includeInIndex = 0; path = Pods_Countries_Game_Lesson_18.framework; sourceTree = BUILT_PRODUCTS_DIR; };
		E90566E92489599C00FEAEDC /* UIActivityIndicatorViewExtension.swift */ = {isa = PBXFileReference; lastKnownFileType = sourcecode.swift; path = UIActivityIndicatorViewExtension.swift; sourceTree = "<group>"; };
		E90566EB2489A53800FEAEDC /* Utils.swift */ = {isa = PBXFileReference; lastKnownFileType = sourcecode.swift; path = Utils.swift; sourceTree = "<group>"; };
		E94F07AD248555CF00F32BCF /* Countries Game Lesson 18.app */ = {isa = PBXFileReference; explicitFileType = wrapper.application; includeInIndex = 0; path = "Countries Game Lesson 18.app"; sourceTree = BUILT_PRODUCTS_DIR; };
		E94F07B0248555CF00F32BCF /* AppDelegate.swift */ = {isa = PBXFileReference; lastKnownFileType = sourcecode.swift; path = AppDelegate.swift; sourceTree = "<group>"; };
		E94F07B2248555CF00F32BCF /* SceneDelegate.swift */ = {isa = PBXFileReference; lastKnownFileType = sourcecode.swift; path = SceneDelegate.swift; sourceTree = "<group>"; };
		E94F07BA248555CF00F32BCF /* Countries_Game_Lesson_18.xcdatamodel */ = {isa = PBXFileReference; lastKnownFileType = wrapper.xcdatamodel; path = Countries_Game_Lesson_18.xcdatamodel; sourceTree = "<group>"; };
		E94F07BC248555D100F32BCF /* Assets.xcassets */ = {isa = PBXFileReference; lastKnownFileType = folder.assetcatalog; path = Assets.xcassets; sourceTree = "<group>"; };
		E94F07BF248555D100F32BCF /* Base */ = {isa = PBXFileReference; lastKnownFileType = file.storyboard; name = Base; path = Base.lproj/LaunchScreen.storyboard; sourceTree = "<group>"; };
		E94F07C1248555D100F32BCF /* Info.plist */ = {isa = PBXFileReference; lastKnownFileType = text.plist.xml; path = Info.plist; sourceTree = "<group>"; };
		E94F07E7248559F200F32BCF /* Country.swift */ = {isa = PBXFileReference; fileEncoding = 4; lastKnownFileType = sourcecode.swift; path = Country.swift; sourceTree = "<group>"; };
		E94F07EA24855A0C00F32BCF /* MainViewController.swift */ = {isa = PBXFileReference; fileEncoding = 4; lastKnownFileType = sourcecode.swift; path = MainViewController.swift; sourceTree = "<group>"; };
		E94F07EB24855A0C00F32BCF /* CapitalCitiesViewController.swift */ = {isa = PBXFileReference; fileEncoding = 4; lastKnownFileType = sourcecode.swift; path = CapitalCitiesViewController.swift; sourceTree = "<group>"; };
		E94F07EC24855A0C00F32BCF /* FlagsViewController.swift */ = {isa = PBXFileReference; fileEncoding = 4; lastKnownFileType = sourcecode.swift; path = FlagsViewController.swift; sourceTree = "<group>"; };
		E94F07F024855A1800F32BCF /* CustomImageView.swift */ = {isa = PBXFileReference; fileEncoding = 4; lastKnownFileType = sourcecode.swift; path = CustomImageView.swift; sourceTree = "<group>"; };
		E94F07F124855A1800F32BCF /* JsonParser.swift */ = {isa = PBXFileReference; fileEncoding = 4; lastKnownFileType = sourcecode.swift; path = JsonParser.swift; sourceTree = "<group>"; };
		E94F07F424855A3700F32BCF /* Main.storyboard */ = {isa = PBXFileReference; fileEncoding = 4; lastKnownFileType = file.storyboard; path = Main.storyboard; sourceTree = "<group>"; };
/* End PBXFileReference section */

/* Begin PBXFrameworksBuildPhase section */
		E94F07AA248555CF00F32BCF /* Frameworks */ = {
			isa = PBXFrameworksBuildPhase;
			buildActionMask = 2147483647;
			files = (
				9F91CC2E3A9E12EE65D0CC8E /* Pods_Countries_Game_Lesson_18.framework in Frameworks */,
			);
			runOnlyForDeploymentPostprocessing = 0;
		};
/* End PBXFrameworksBuildPhase section */

/* Begin PBXGroup section */
		C635D300E1AA7DF3089F3DE5 /* Pods */ = {
			isa = PBXGroup;
			children = (
				1F0CBAC90B7A8B2C0CD03725 /* Pods-Countries Game Lesson 18.debug.xcconfig */,
				967F20ECB1540A0A511637EC /* Pods-Countries Game Lesson 18.release.xcconfig */,
			);
			path = Pods;
			sourceTree = "<group>";
		};
		E90566E82489594900FEAEDC /* Extensions */ = {
			isa = PBXGroup;
			children = (
				E90566E92489599C00FEAEDC /* UIActivityIndicatorViewExtension.swift */,
			);
			path = Extensions;
			sourceTree = "<group>";
		};
		E94F07A4248555CF00F32BCF = {
			isa = PBXGroup;
			children = (
				E94F07AF248555CF00F32BCF /* Countries Game Lesson 18 */,
				E94F07AE248555CF00F32BCF /* Products */,
				C635D300E1AA7DF3089F3DE5 /* Pods */,
				EC4C46B9F300807D7E5D82B4 /* Frameworks */,
			);
			sourceTree = "<group>";
		};
		E94F07AE248555CF00F32BCF /* Products */ = {
			isa = PBXGroup;
			children = (
				E94F07AD248555CF00F32BCF /* Countries Game Lesson 18.app */,
			);
			name = Products;
			sourceTree = "<group>";
		};
		E94F07AF248555CF00F32BCF /* Countries Game Lesson 18 */ = {
			isa = PBXGroup;
			children = (
				E90566E82489594900FEAEDC /* Extensions */,
				E94F07F024855A1800F32BCF /* CustomImageView.swift */,
				E94F07F124855A1800F32BCF /* JsonParser.swift */,
				E94F07E9248559F900F32BCF /* ViewControllers */,
				E94F07E6248559DB00F32BCF /* Model */,
				E94F07B0248555CF00F32BCF /* AppDelegate.swift */,
				E94F07F424855A3700F32BCF /* Main.storyboard */,
				E94F07B2248555CF00F32BCF /* SceneDelegate.swift */,
				E94F07C7248557E400F32BCF /* Supporting Files */,
				E94F07C1248555D100F32BCF /* Info.plist */,
				E94F07B9248555CF00F32BCF /* Countries_Game_Lesson_18.xcdatamodeld */,
			);
			path = "Countries Game Lesson 18";
			sourceTree = "<group>";
		};
		E94F07C7248557E400F32BCF /* Supporting Files */ = {
			isa = PBXGroup;
			children = (
				E94F07BC248555D100F32BCF /* Assets.xcassets */,
				E94F07BE248555D100F32BCF /* LaunchScreen.storyboard */,
			);
			path = "Supporting Files";
			sourceTree = "<group>";
		};
		E94F07E6248559DB00F32BCF /* Model */ = {
			isa = PBXGroup;
			children = (
				E94F07E7248559F200F32BCF /* Country.swift */,
				E90566EB2489A53800FEAEDC /* Utils.swift */,
			);
			path = Model;
			sourceTree = "<group>";
		};
		E94F07E9248559F900F32BCF /* ViewControllers */ = {
			isa = PBXGroup;
			children = (
				E94F07EA24855A0C00F32BCF /* MainViewController.swift */,
				E94F07EC24855A0C00F32BCF /* FlagsViewController.swift */,
				E94F07EB24855A0C00F32BCF /* CapitalCitiesViewController.swift */,
			);
			path = ViewControllers;
			sourceTree = "<group>";
		};
		EC4C46B9F300807D7E5D82B4 /* Frameworks */ = {
			isa = PBXGroup;
			children = (
				E83316D93A2BE87F48E9C04C /* Pods_Countries_Game_Lesson_18.framework */,
			);
			name = Frameworks;
			sourceTree = "<group>";
		};
/* End PBXGroup section */

/* Begin PBXNativeTarget section */
		E94F07AC248555CF00F32BCF /* Countries Game Lesson 18 */ = {
			isa = PBXNativeTarget;
			buildConfigurationList = E94F07C4248555D100F32BCF /* Build configuration list for PBXNativeTarget "Countries Game Lesson 18" */;
			buildPhases = (
				F61E44CF314D02CAA77DF92F /* [CP] Check Pods Manifest.lock */,
				E94F07A9248555CF00F32BCF /* Sources */,
				E94F07AA248555CF00F32BCF /* Frameworks */,
				E94F07AB248555CF00F32BCF /* Resources */,
				BE9CA7EE2289B8E278827CEF /* [CP] Embed Pods Frameworks */,
			);
			buildRules = (
			);
			dependencies = (
			);
			name = "Countries Game Lesson 18";
			productName = "Countries Game Lesson 18";
			productReference = E94F07AD248555CF00F32BCF /* Countries Game Lesson 18.app */;
			productType = "com.apple.product-type.application";
		};
/* End PBXNativeTarget section */

/* Begin PBXProject section */
		E94F07A5248555CF00F32BCF /* Project object */ = {
			isa = PBXProject;
			attributes = {
				LastSwiftUpdateCheck = 1150;
				LastUpgradeCheck = 1150;
				ORGANIZATIONNAME = Yoni;
				TargetAttributes = {
					E94F07AC248555CF00F32BCF = {
						CreatedOnToolsVersion = 11.5;
					};
				};
			};
			buildConfigurationList = E94F07A8248555CF00F32BCF /* Build configuration list for PBXProject "Countries Game Lesson 18" */;
			compatibilityVersion = "Xcode 9.3";
			developmentRegion = en;
			hasScannedForEncodings = 0;
			knownRegions = (
				en,
				Base,
			);
			mainGroup = E94F07A4248555CF00F32BCF;
			productRefGroup = E94F07AE248555CF00F32BCF /* Products */;
			projectDirPath = "";
			projectRoot = "";
			targets = (
				E94F07AC248555CF00F32BCF /* Countries Game Lesson 18 */,
			);
		};
/* End PBXProject section */

/* Begin PBXResourcesBuildPhase section */
		E94F07AB248555CF00F32BCF /* Resources */ = {
			isa = PBXResourcesBuildPhase;
			buildActionMask = 2147483647;
			files = (
				E94F07F524855A3700F32BCF /* Main.storyboard in Resources */,
				E94F07C0248555D100F32BCF /* LaunchScreen.storyboard in Resources */,
				E94F07BD248555D100F32BCF /* Assets.xcassets in Resources */,
			);
			runOnlyForDeploymentPostprocessing = 0;
		};
/* End PBXResourcesBuildPhase section */

/* Begin PBXShellScriptBuildPhase section */
		BE9CA7EE2289B8E278827CEF /* [CP] Embed Pods Frameworks */ = {
			isa = PBXShellScriptBuildPhase;
			buildActionMask = 2147483647;
			files = (
			);
			inputFileListPaths = (
				"${PODS_ROOT}/Target Support Files/Pods-Countries Game Lesson 18/Pods-Countries Game Lesson 18-frameworks-${CONFIGURATION}-input-files.xcfilelist",
			);
			name = "[CP] Embed Pods Frameworks";
			outputFileListPaths = (
				"${PODS_ROOT}/Target Support Files/Pods-Countries Game Lesson 18/Pods-Countries Game Lesson 18-frameworks-${CONFIGURATION}-output-files.xcfilelist",
			);
			runOnlyForDeploymentPostprocessing = 0;
			shellPath = /bin/sh;
			shellScript = "\"${PODS_ROOT}/Target Support Files/Pods-Countries Game Lesson 18/Pods-Countries Game Lesson 18-frameworks.sh\"\n";
			showEnvVarsInLog = 0;
		};
		F61E44CF314D02CAA77DF92F /* [CP] Check Pods Manifest.lock */ = {
			isa = PBXShellScriptBuildPhase;
			buildActionMask = 2147483647;
			files = (
			);
			inputFileListPaths = (
			);
			inputPaths = (
				"${PODS_PODFILE_DIR_PATH}/Podfile.lock",
				"${PODS_ROOT}/Manifest.lock",
			);
			name = "[CP] Check Pods Manifest.lock";
			outputFileListPaths = (
			);
			outputPaths = (
				"$(DERIVED_FILE_DIR)/Pods-Countries Game Lesson 18-checkManifestLockResult.txt",
			);
			runOnlyForDeploymentPostprocessing = 0;
			shellPath = /bin/sh;
			shellScript = "diff \"${PODS_PODFILE_DIR_PATH}/Podfile.lock\" \"${PODS_ROOT}/Manifest.lock\" > /dev/null\nif [ $? != 0 ] ; then\n    # print error to STDERR\n    echo \"error: The sandbox is not in sync with the Podfile.lock. Run 'pod install' or update your CocoaPods installation.\" >&2\n    exit 1\nfi\n# This output is used by Xcode 'outputs' to avoid re-running this script phase.\necho \"SUCCESS\" > \"${SCRIPT_OUTPUT_FILE_0}\"\n";
			showEnvVarsInLog = 0;
		};
/* End PBXShellScriptBuildPhase section */

/* Begin PBXSourcesBuildPhase section */
		E94F07A9248555CF00F32BCF /* Sources */ = {
			isa = PBXSourcesBuildPhase;
			buildActionMask = 2147483647;
			files = (
				E94F07E8248559F200F32BCF /* Country.swift in Sources */,
				E90566EA2489599C00FEAEDC /* UIActivityIndicatorViewExtension.swift in Sources */,
				E94F07F224855A1800F32BCF /* CustomImageView.swift in Sources */,
				E94F07BB248555CF00F32BCF /* Countries_Game_Lesson_18.xcdatamodeld in Sources */,
				E94F07EE24855A0C00F32BCF /* CapitalCitiesViewController.swift in Sources */,
				E94F07B1248555CF00F32BCF /* AppDelegate.swift in Sources */,
				E94F07B3248555CF00F32BCF /* SceneDelegate.swift in Sources */,
				E90566EC2489A53800FEAEDC /* Utils.swift in Sources */,
				E94F07EF24855A0C00F32BCF /* FlagsViewController.swift in Sources */,
				E94F07ED24855A0C00F32BCF /* MainViewController.swift in Sources */,
				E94F07F324855A1800F32BCF /* JsonParser.swift in Sources */,
			);
			runOnlyForDeploymentPostprocessing = 0;
		};
/* End PBXSourcesBuildPhase section */

/* Begin PBXVariantGroup section */
		E94F07BE248555D100F32BCF /* LaunchScreen.storyboard */ = {
			isa = PBXVariantGroup;
			children = (
				E94F07BF248555D100F32BCF /* Base */,
			);
			name = LaunchScreen.storyboard;
			sourceTree = "<group>";
		};
/* End PBXVariantGroup section */

/* Begin XCBuildConfiguration section */
		E94F07C2248555D100F32BCF /* Debug */ = {
			isa = XCBuildConfiguration;
			buildSettings = {
				ALWAYS_SEARCH_USER_PATHS = NO;
				CLANG_ANALYZER_NONNULL = YES;
				CLANG_ANALYZER_NUMBER_OBJECT_CONVERSION = YES_AGGRESSIVE;
				CLANG_CXX_LANGUAGE_STANDARD = "gnu++14";
				CLANG_CXX_LIBRARY = "libc++";
				CLANG_ENABLE_MODULES = YES;
				CLANG_ENABLE_OBJC_ARC = YES;
				CLANG_ENABLE_OBJC_WEAK = YES;
				CLANG_WARN_BLOCK_CAPTURE_AUTORELEASING = YES;
				CLANG_WARN_BOOL_CONVERSION = YES;
				CLANG_WARN_COMMA = YES;
				CLANG_WARN_CONSTANT_CONVERSION = YES;
				CLANG_WARN_DEPRECATED_OBJC_IMPLEMENTATIONS = YES;
				CLANG_WARN_DIRECT_OBJC_ISA_USAGE = YES_ERROR;
				CLANG_WARN_DOCUMENTATION_COMMENTS = YES;
				CLANG_WARN_EMPTY_BODY = YES;
				CLANG_WARN_ENUM_CONVERSION = YES;
				CLANG_WARN_INFINITE_RECURSION = YES;
				CLANG_WARN_INT_CONVERSION = YES;
				CLANG_WARN_NON_LITERAL_NULL_CONVERSION = YES;
				CLANG_WARN_OBJC_IMPLICIT_RETAIN_SELF = YES;
				CLANG_WARN_OBJC_LITERAL_CONVERSION = YES;
				CLANG_WARN_OBJC_ROOT_CLASS = YES_ERROR;
				CLANG_WARN_RANGE_LOOP_ANALYSIS = YES;
				CLANG_WARN_STRICT_PROTOTYPES = YES;
				CLANG_WARN_SUSPICIOUS_MOVE = YES;
				CLANG_WARN_UNGUARDED_AVAILABILITY = YES_AGGRESSIVE;
				CLANG_WARN_UNREACHABLE_CODE = YES;
				CLANG_WARN__DUPLICATE_METHOD_MATCH = YES;
				COPY_PHASE_STRIP = NO;
				DEBUG_INFORMATION_FORMAT = dwarf;
				ENABLE_STRICT_OBJC_MSGSEND = YES;
				ENABLE_TESTABILITY = YES;
				GCC_C_LANGUAGE_STANDARD = gnu11;
				GCC_DYNAMIC_NO_PIC = NO;
				GCC_NO_COMMON_BLOCKS = YES;
				GCC_OPTIMIZATION_LEVEL = 0;
				GCC_PREPROCESSOR_DEFINITIONS = (
					"DEBUG=1",
					"$(inherited)",
				);
				GCC_WARN_64_TO_32_BIT_CONVERSION = YES;
				GCC_WARN_ABOUT_RETURN_TYPE = YES_ERROR;
				GCC_WARN_UNDECLARED_SELECTOR = YES;
				GCC_WARN_UNINITIALIZED_AUTOS = YES_AGGRESSIVE;
				GCC_WARN_UNUSED_FUNCTION = YES;
				GCC_WARN_UNUSED_VARIABLE = YES;
				IPHONEOS_DEPLOYMENT_TARGET = 13.5;
				MTL_ENABLE_DEBUG_INFO = INCLUDE_SOURCE;
				MTL_FAST_MATH = YES;
				ONLY_ACTIVE_ARCH = YES;
				SDKROOT = iphoneos;
				SWIFT_ACTIVE_COMPILATION_CONDITIONS = DEBUG;
				SWIFT_OPTIMIZATION_LEVEL = "-Onone";
			};
			name = Debug;
		};
		E94F07C3248555D100F32BCF /* Release */ = {
			isa = XCBuildConfiguration;
			buildSettings = {
				ALWAYS_SEARCH_USER_PATHS = NO;
				CLANG_ANALYZER_NONNULL = YES;
				CLANG_ANALYZER_NUMBER_OBJECT_CONVERSION = YES_AGGRESSIVE;
				CLANG_CXX_LANGUAGE_STANDARD = "gnu++14";
				CLANG_CXX_LIBRARY = "libc++";
				CLANG_ENABLE_MODULES = YES;
				CLANG_ENABLE_OBJC_ARC = YES;
				CLANG_ENABLE_OBJC_WEAK = YES;
				CLANG_WARN_BLOCK_CAPTURE_AUTORELEASING = YES;
				CLANG_WARN_BOOL_CONVERSION = YES;
				CLANG_WARN_COMMA = YES;
				CLANG_WARN_CONSTANT_CONVERSION = YES;
				CLANG_WARN_DEPRECATED_OBJC_IMPLEMENTATIONS = YES;
				CLANG_WARN_DIRECT_OBJC_ISA_USAGE = YES_ERROR;
				CLANG_WARN_DOCUMENTATION_COMMENTS = YES;
				CLANG_WARN_EMPTY_BODY = YES;
				CLANG_WARN_ENUM_CONVERSION = YES;
				CLANG_WARN_INFINITE_RECURSION = YES;
				CLANG_WARN_INT_CONVERSION = YES;
				CLANG_WARN_NON_LITERAL_NULL_CONVERSION = YES;
				CLANG_WARN_OBJC_IMPLICIT_RETAIN_SELF = YES;
				CLANG_WARN_OBJC_LITERAL_CONVERSION = YES;
				CLANG_WARN_OBJC_ROOT_CLASS = YES_ERROR;
				CLANG_WARN_RANGE_LOOP_ANALYSIS = YES;
				CLANG_WARN_STRICT_PROTOTYPES = YES;
				CLANG_WARN_SUSPICIOUS_MOVE = YES;
				CLANG_WARN_UNGUARDED_AVAILABILITY = YES_AGGRESSIVE;
				CLANG_WARN_UNREACHABLE_CODE = YES;
				CLANG_WARN__DUPLICATE_METHOD_MATCH = YES;
				COPY_PHASE_STRIP = NO;
				DEBUG_INFORMATION_FORMAT = "dwarf-with-dsym";
				ENABLE_NS_ASSERTIONS = NO;
				ENABLE_STRICT_OBJC_MSGSEND = YES;
				GCC_C_LANGUAGE_STANDARD = gnu11;
				GCC_NO_COMMON_BLOCKS = YES;
				GCC_WARN_64_TO_32_BIT_CONVERSION = YES;
				GCC_WARN_ABOUT_RETURN_TYPE = YES_ERROR;
				GCC_WARN_UNDECLARED_SELECTOR = YES;
				GCC_WARN_UNINITIALIZED_AUTOS = YES_AGGRESSIVE;
				GCC_WARN_UNUSED_FUNCTION = YES;
				GCC_WARN_UNUSED_VARIABLE = YES;
				IPHONEOS_DEPLOYMENT_TARGET = 13.5;
				MTL_ENABLE_DEBUG_INFO = NO;
				MTL_FAST_MATH = YES;
				SDKROOT = iphoneos;
				SWIFT_COMPILATION_MODE = wholemodule;
				SWIFT_OPTIMIZATION_LEVEL = "-O";
				VALIDATE_PRODUCT = YES;
			};
			name = Release;
		};
		E94F07C5248555D100F32BCF /* Debug */ = {
			isa = XCBuildConfiguration;
			baseConfigurationReference = 1F0CBAC90B7A8B2C0CD03725 /* Pods-Countries Game Lesson 18.debug.xcconfig */;
			buildSettings = {
				ASSETCATALOG_COMPILER_APPICON_NAME = AppIcon;
				CODE_SIGN_STYLE = Automatic;
				DEVELOPMENT_TEAM = R7D7RWW83F;
				INFOPLIST_FILE = "Countries Game Lesson 18/Info.plist";
				LD_RUNPATH_SEARCH_PATHS = (
					"$(inherited)",
					"@executable_path/Frameworks",
				);
				PRODUCT_BUNDLE_IDENTIFIER = "Yoni.Countries-Game-Lesson-18";
				PRODUCT_NAME = "$(TARGET_NAME)";
				SWIFT_VERSION = 5.0;
				TARGETED_DEVICE_FAMILY = 1;
			};
			name = Debug;
		};
		E94F07C6248555D100F32BCF /* Release */ = {
			isa = XCBuildConfiguration;
			baseConfigurationReference = 967F20ECB1540A0A511637EC /* Pods-Countries Game Lesson 18.release.xcconfig */;
			buildSettings = {
				ASSETCATALOG_COMPILER_APPICON_NAME = AppIcon;
				CODE_SIGN_STYLE = Automatic;
				DEVELOPMENT_TEAM = R7D7RWW83F;
				INFOPLIST_FILE = "Countries Game Lesson 18/Info.plist";
				LD_RUNPATH_SEARCH_PATHS = (
					"$(inherited)",
					"@executable_path/Frameworks",
				);
				PRODUCT_BUNDLE_IDENTIFIER = "Yoni.Countries-Game-Lesson-18";
				PRODUCT_NAME = "$(TARGET_NAME)";
				SWIFT_VERSION = 5.0;
				TARGETED_DEVICE_FAMILY = 1;
			};
			name = Release;
		};
/* End XCBuildConfiguration section */

/* Begin XCConfigurationList section */
		E94F07A8248555CF00F32BCF /* Build configuration list for PBXProject "Countries Game Lesson 18" */ = {
			isa = XCConfigurationList;
			buildConfigurations = (
				E94F07C2248555D100F32BCF /* Debug */,
				E94F07C3248555D100F32BCF /* Release */,
			);
			defaultConfigurationIsVisible = 0;
			defaultConfigurationName = Release;
		};
		E94F07C4248555D100F32BCF /* Build configuration list for PBXNativeTarget "Countries Game Lesson 18" */ = {
			isa = XCConfigurationList;
			buildConfigurations = (
				E94F07C5248555D100F32BCF /* Debug */,
				E94F07C6248555D100F32BCF /* Release */,
			);
			defaultConfigurationIsVisible = 0;
			defaultConfigurationName = Release;
		};
/* End XCConfigurationList section */

/* Begin XCVersionGroup section */
		E94F07B9248555CF00F32BCF /* Countries_Game_Lesson_18.xcdatamodeld */ = {
			isa = XCVersionGroup;
			children = (
				E94F07BA248555CF00F32BCF /* Countries_Game_Lesson_18.xcdatamodel */,
			);
			currentVersion = E94F07BA248555CF00F32BCF /* Countries_Game_Lesson_18.xcdatamodel */;
			path = Countries_Game_Lesson_18.xcdatamodeld;
			sourceTree = "<group>";
			versionGroupType = wrapper.xcdatamodel;
		};
/* End XCVersionGroup section */
	};
	rootObject = E94F07A5248555CF00F32BCF /* Project object */;
}
